
Microsoft Visual Studio Solution File, Format Version 12.00
# Visual Studio Version 16
VisualStudioVersion = 16.0.29209.62
MinimumVisualStudioVersion = 10.0.40219.1
Project("{FAE04EC0-301F-11D3-BF4B-00C04F79EFBC}") = "API_NG_Hatt", "API_NG_Hatt.csproj", "{3126701A-51A3-4324-916D-CA453621A3DB}"
EndProject
Global
	GlobalSection(SolutionConfigurationPlatforms) = preSolution
		Debug|Any CPU = Debug|Any CPU
		Release|Any CPU = Release|Any CPU
	EndGlobalSection
	GlobalSection(ProjectConfigurationPlatforms) = postSolution
		{3126701A-51A3-4324-916D-CA453621A3DB}.Debug|Any CPU.ActiveCfg = Debug|Any CPU
		{3126701A-51A3-4324-916D-CA453621A3DB}.Debug|Any CPU.Build.0 = Debug|Any CPU
		{3126701A-51A3-4324-916D-CA453621A3DB}.Release|Any CPU.ActiveCfg = Release|Any CPU
		{3126701A-51A3-4324-916D-CA453621A3DB}.Release|Any CPU.Build.0 = Release|Any CPU
	EndGlobalSection
	GlobalSection(SolutionProperties) = preSolution
		HideSolutionNode = FALSE
	EndGlobalSection
	GlobalSection(ExtensibilityGlobals) = postSolution
		SolutionGuid = {0EB14F0A-7E37-4EEB-87B0-D8F9AD2CCEA8}
	EndGlobalSection
EndGlobal
